{
  "name": "myqrlwallet-qns",
  "version": "0.2.0-alpha.0",
  "lockfileVersion": 3,
  "requires": true,
  "packages": {
    "": {
      "name": "myqrlwallet-qns",
      "version": "0.2.0-alpha.0",
      "license": "GPL-3.0",
      "dependencies": {
        "@theqrl/wallet.js": "^6.2.4",
        "@theqrl/web3": "^1.0.3",
        "dotenv": "^17.4.2"
      },
      "devDependencies": {
        "@theqrl/mldsa87": "^2.1.3"
      },
      "engines": {
        "node": ">=20"
      }
    },
    "node_modules/@adraffy/ens-normalize": {
      "version": "1.11.1",
      "resolved": "https://registry.npmjs.org/@adraffy/ens-normalize/-/ens-normalize-1.11.1.tgz",
      "integrity": "sha512-nhCBV3quEgesuf7c7KYfperqSS14T8bYuvJ8PcLJp6znkZpFc0AuW4qBtr8eKVyPPe/8RSr7sglCWPU5eaxwKQ==",
      "license": "MIT"
    },
    "node_modules/@ethereumjs/rlp": {
      "version": "10.1.1",
      "resolved": "https://registry.npmjs.org/@ethereumjs/rlp/-/rlp-10.1.1.tgz",
      "integrity": "sha512-jbnWTEwcpoY+gE0r+wxfDG9zgiu54DcTcwnc9sX3DsqKR4l5K7x2V8mQL3Et6hURa4DuT9g7z6ukwpBLFchszg==",
      "license": "MPL-2.0",
      "bin": {
        "rlp": "bin/rlp.cjs"
      },
      "engines": {
        "node": ">=20"
      }
    },
    "node_modules/@ethersproject/bignumber": {
      "version": "5.8.0",
      "resolved": "https://registry.npmjs.org/@ethersproject/bignumber/-/bignumber-5.8.0.tgz",
      "integrity": "sha512-ZyaT24bHaSeJon2tGPKIiHszWjD/54Sz8t57Toch475lCLljC6MgPmxk7Gtzz+ddNN5LuHea9qhAe0x3D+uYPA==",
      "funding": [
        {
          "type": "individual",
          "url": "https://gitcoin.co/grants/13/ethersjs-complete-simple-and-tiny-2"
        },
        {
          "type": "individual",
          "url": "https://www.buymeacoffee.com/ricmoo"
        }
      ],
      "license": "MIT",
      "dependencies": {
        "@ethersproject/bytes": "^5.8.0",
        "@ethersproject/logger": "^5.8.0",
        "bn.js": "^5.2.1"
      }
    },
    "node_modules/@ethersproject/bytes": {
      "version": "5.8.0",
      "resolved": "https://registry.npmjs.org/@ethersproject/bytes/-/bytes-5.8.0.tgz",
      "integrity": "sha512-vTkeohgJVCPVHu5c25XWaWQOZ4v+DkGoC42/TS2ond+PARCxTJvgTFUNDZovyQ/uAQ4EcpqqowKydcdmRKjg7A==",
      "funding": [
        {
          "type": "individual",
          "url": "https://gitcoin.co/grants/13/ethersjs-complete-simple-and-tiny-2"
        },
        {
          "type": "individual",
          "url": "https://www.buymeacoffee.com/ricmoo"
        }
      ],
      "license": "MIT",
      "dependencies": {
        "@ethersproject/logger": "^5.8.0"
      }
    },
    "node_modules/@ethersproject/constants": {
      "version": "5.8.0",
      "resolved": "https://registry.npmjs.org/@ethersproject/constants/-/constants-5.8.0.tgz",
      "integrity": "sha512-wigX4lrf5Vu+axVTIvNsuL6YrV4O5AXl5ubcURKMEME5TnWBouUh0CDTWxZ2GpnRn1kcCgE7l8O5+VbV9QTTcg==",
      "funding": [
        {
          "type": "individual",
          "url": "https://gitcoin.co/grants/13/ethersjs-complete-simple-and-tiny-2"
        },
        {
          "type": "individual",
          "url": "https://www.buymeacoffee.com/ricmoo"
        }
      ],
      "license": "MIT",
      "dependencies": {
        "@ethersproject/bignumber": "^5.8.0"
      }
    },
    "node_modules/@ethersproject/logger": {
      "version": "5.8.0",
      "resolved": "https://registry.npmjs.org/@ethersproject/logger/-/logger-5.8.0.tgz",
      "integrity": "sha512-Qe6knGmY+zPPWTC+wQrpitodgBfH7XoceCGL5bJVejmH+yCS3R8jJm8iiWuvWbG76RUmyEG53oqv6GMVWqunjA==",
      "funding": [
        {
          "type": "individual",
          "url": "https://gitcoin.co/grants/13/ethersjs-complete-simple-and-tiny-2"
        },
        {
          "type": "individual",
          "url": "https://www.buymeacoffee.com/ricmoo"
        }
      ],
      "license": "MIT"
    },
    "node_modules/@ethersproject/properties": {
      "version": "5.8.0",
      "resolved": "https://registry.npmjs.org/@ethersproject/properties/-/properties-5.8.0.tgz",
      "integrity": "sha512-PYuiEoQ+FMaZZNGrStmN7+lWjlsoufGIHdww7454FIaGdbe/p5rnaCXTr5MtBYl3NkeoVhHZuyzChPeGeKIpQw==",
      "funding": [
        {
          "type": "individual",
          "url": "https://gitcoin.co/grants/13/ethersjs-complete-simple-and-tiny-2"
        },
        {
          "type": "individual",
          "url": "https://www.buymeacoffee.com/ricmoo"
        }
      ],
      "license": "MIT",
      "dependencies": {
        "@ethersproject/logger": "^5.8.0"
      }
    },
    "node_modules/@ethersproject/strings": {
      "version": "5.8.0",
      "resolved": "https://registry.npmjs.org/@ethersproject/strings/-/strings-5.8.0.tgz",
      "integrity": "sha512-qWEAk0MAvl0LszjdfnZ2uC8xbR2wdv4cDabyHiBh3Cldq/T8dPH3V4BbBsAYJUeonwD+8afVXld274Ls+Y1xXg==",
      "funding": [
        {
          "type": "individual",
          "url": "https://gitcoin.co/grants/13/ethersjs-complete-simple-and-tiny-2"
        },
        {
          "type": "individual",
          "url": "https://www.buymeacoffee.com/ricmoo"
        }
      ],
      "license": "MIT",
      "dependencies": {
        "@ethersproject/bytes": "^5.8.0",
        "@ethersproject/constants": "^5.8.0",
        "@ethersproject/logger": "^5.8.0"
      }
    },
    "node_modules/@noble/hashes": {
      "version": "2.2.0",
      "resolved": "https://registry.npmjs.org/@noble/hashes/-/hashes-2.2.0.tgz",
      "integrity": "sha512-IYqDGiTXab6FniAgnSdZwgWbomxpy9FtYvLKs7wCUs2a8RkITG+DFGO1DM9cr+E3/RgADRpFjrKVaJ1z6sjtEg==",
      "license": "MIT",
      "engines": {
        "node": ">= 20.19.0"
      },
      "funding": {
        "url": "https://paulmillr.com/funding/"
      }
    },
    "node_modules/@theqrl/abi": {
      "version": "1.0.3",
      "resolved": "https://registry.npmjs.org/@theqrl/abi/-/abi-1.0.3.tgz",
      "integrity": "sha512-Pd+1jtkSXVETIow3ZjKJhcMJswOfs0dyhJyys45PXNaVx0K3GzY27cVwuBe9EAD5di5eQ9uaVJZjbiZIRkg4IA==",
      "license": "MIT",
      "dependencies": {
        "@ethersproject/bignumber": "5.8.0",
        "@ethersproject/bytes": "5.8.0",
        "@ethersproject/constants": "5.8.0",
        "@ethersproject/logger": "5.8.0",
        "@ethersproject/properties": "5.8.0",
        "@ethersproject/strings": "5.8.0",
        "@theqrl/web3-utils": "1.0.3"
      },
      "engines": {
        "node": ">=20.19.0"
      }
    },
    "node_modules/@theqrl/mldsa87": {
      "version": "2.1.3",
      "resolved": "https://registry.npmjs.org/@theqrl/mldsa87/-/mldsa87-2.1.3.tgz",
      "integrity": "sha512-sQxeMZTeJG84v8lK8gRztuHHC2hB6RG2yWQc7oHv19lExG6vB4qvn8nk8/0ffseYXMqfqU5dmZ4jdabk9P3TEg==",
      "license": "MIT",
      "dependencies": {
        "@noble/hashes": "2.2.0"
      },
      "engines": {
        "node": ">=20.19.0"
      }
    },
    "node_modules/@theqrl/qrl-cryptography": {
      "version": "0.3.0",
      "resolved": "https://registry.npmjs.org/@theqrl/qrl-cryptography/-/qrl-cryptography-0.3.0.tgz",
      "integrity": "sha512-2d7QcK/ZQKOmphnj0lSRJLyeXO3o0degg0mjEMHH+5g4LXvrgoVV1i/bTqzS78DgGRB4Mn3kUPXg6QW3KO712w==",
      "license": "MIT",
      "dependencies": {
        "@noble/hashes": "2.2.0",
        "@theqrl/mldsa87": "2.1.3"
      },
      "engines": {
        "node": ">=20.19"
      }
    },
    "node_modules/@theqrl/wallet.js": {
      "version": "6.2.4",
      "resolved": "https://registry.npmjs.org/@theqrl/wallet.js/-/wallet.js-6.2.4.tgz",
      "integrity": "sha512-rLA5VgIdyBSEOUdZpEKXtEZTrzWPeFHq0vr1FSP2a48EhMYtrCSl9t/C4VIlQsbE4elFONoVnWd0YUNflAwSnA==",
      "license": "MIT",
      "dependencies": {
        "@noble/hashes": "2.2.0",
        "@theqrl/mldsa87": "2.1.3"
      },
      "engines": {
        "node": ">=20.19"
      }
    },
    "node_modules/@theqrl/web3": {
      "version": "1.0.3",
      "resolved": "https://registry.npmjs.org/@theqrl/web3/-/web3-1.0.3.tgz",
      "integrity": "sha512-AO/BeNtU/l7//87xAFYtrM/GFdV99DwVqGSqTzw38+WQpplBr3dURmd/ixXVHMsYEuEy+ewCR1h/IqypKeR6Lg==",
      "license": "LGPL-3.0",
      "dependencies": {
        "@theqrl/web3-core": "1.0.3",
        "@theqrl/web3-errors": "1.0.2",
        "@theqrl/web3-net": "1.0.3",
        "@theqrl/web3-providers-http": "1.0.3",
        "@theqrl/web3-providers-ws": "1.0.3",
        "@theqrl/web3-qrl": "1.0.3",
        "@theqrl/web3-qrl-abi": "1.0.3",
        "@theqrl/web3-qrl-accounts": "1.0.3",
        "@theqrl/web3-qrl-contract": "1.0.3",
        "@theqrl/web3-qrl-iban": "1.0.3",
        "@theqrl/web3-qrl-qrns": "1.0.3",
        "@theqrl/web3-rpc-methods": "1.0.3",
        "@theqrl/web3-types": "1.0.2",
        "@theqrl/web3-utils": "1.0.3",
        "@theqrl/web3-validator": "1.0.3"
      },
      "engines": {
        "node": ">=20.19.0"
      }
    },
    "node_modules/@theqrl/web3-core": {
      "version": "1.0.3",
      "resolved": "https://registry.npmjs.org/@theqrl/web3-core/-/web3-core-1.0.3.tgz",
      "integrity": "sha512-s8PUFBBC/f/HxYUxKz6Xju38tfUZ3GBlzwPS5bdyxipwEzhgfh8BZgrROZ2ZrRL1HowZI7OblY7oN9FQw6EWLQ==",
      "license": "LGPL-3.0",
      "dependencies": {
        "@theqrl/web3-errors": "1.0.2",
        "@theqrl/web3-providers-http": "1.0.3",
        "@theqrl/web3-providers-ws": "1.0.3",
        "@theqrl/web3-qrl-iban": "1.0.3",
        "@theqrl/web3-types": "1.0.2",
        "@theqrl/web3-utils": "1.0.3",
        "@theqrl/web3-validator": "1.0.3"
      },
      "engines": {
        "node": ">=20.19.0"
      },
      "optionalDependencies": {
        "@theqrl/web3-providers-ipc": "1.0.3"
      }
    },
    "node_modules/@theqrl/web3-errors": {
      "version": "1.0.2",
      "resolved": "https://registry.npmjs.org/@theqrl/web3-errors/-/web3-errors-1.0.2.tgz",
      "integrity": "sha512-UwUPXAbA5+Z+OtKEknZJnCCssnohriycMuVaWnboBRQPLv4hHrFWnubOLJi6D3+xGlCk3TCbMlm2SiuZumbq8A==",
      "license": "LGPL-3.0",
      "dependencies": {
        "@theqrl/web3-types": "1.0.2"
      },
      "engines": {
        "node": ">=20.19.0"
      }
    },
    "node_modules/@theqrl/web3-net": {
      "version": "1.0.3",
      "resolved": "https://registry.npmjs.org/@theqrl/web3-net/-/web3-net-1.0.3.tgz",
      "integrity": "sha512-KRn3mBoRy45Kl9vgzTyeg0TWOxuiGmW2KQE5dI3fCyYfrnQroBNXiw7wlRwZM3DNofZFCzdt1CIbkOlE/iOnRA==",
      "license": "LGPL-3.0",
      "dependencies": {
        "@theqrl/web3-core": "1.0.3",
        "@theqrl/web3-rpc-methods": "1.0.3",
        "@theqrl/web3-types": "1.0.2",
        "@theqrl/web3-utils": "1.0.3"
      },
      "engines": {
        "node": ">=20.19.0"
      }
    },
    "node_modules/@theqrl/web3-providers-http": {
      "version": "1.0.3",
      "resolved": "https://registry.npmjs.org/@theqrl/web3-providers-http/-/web3-providers-http-1.0.3.tgz",
      "integrity": "sha512-dFDqpOFft8vhxLZ9omZ8qDiLqkHcaKo0HvI8IX8lhFxuXsxRa28NracYn2MjxTR3p45oqrc9VbK3BJ2aHG5PxA==",
      "license": "LGPL-3.0",
      "dependencies": {
        "@theqrl/web3-errors": "1.0.2",
        "@theqrl/web3-types": "1.0.2",
        "@theqrl/web3-utils": "1.0.3",
        "cross-fetch": "4.1.0"
      },
      "engines": {
        "node": ">=20.19.0"
      }
    },
    "node_modules/@theqrl/web3-providers-ipc": {
      "version": "1.0.3",
      "resolved": "https://registry.npmjs.org/@theqrl/web3-providers-ipc/-/web3-providers-ipc-1.0.3.tgz",
      "integrity": "sha512-ALqjX/8iB9SgAnCihZvOCjIS4efyEpthZ/72ZjOza4TX8HNx8n88vVXO9fBF0JOZSJDxq8EFcPyVqoa8HqKJmg==",
      "license": "LGPL-3.0",
      "optional": true,
      "dependencies": {
        "@theqrl/web3-errors": "1.0.2",
        "@theqrl/web3-types": "1.0.2",
        "@theqrl/web3-utils": "1.0.3"
      },
      "engines": {
        "node": ">=20.19.0"
      }
    },
    "node_modules/@theqrl/web3-providers-ws": {
      "version": "1.0.3",
      "resolved": "https://registry.npmjs.org/@theqrl/web3-providers-ws/-/web3-providers-ws-1.0.3.tgz",
      "integrity": "sha512-kFYTTbpuRZpRw+i/+EKHXHZgvj3xC64tQZjNeU+1+S3qW9rZNy5i8gJxZAPzOkRwMYncbS3wv5KRxkbDh/KEGw==",
      "license": "LGPL-3.0",
      "dependencies": {
        "@theqrl/web3-errors": "1.0.2",
        "@theqrl/web3-types": "1.0.2",
        "@theqrl/web3-utils": "1.0.3",
        "@types/ws": "8.18.1",
        "isomorphic-ws": "5.0.0",
        "ws": "8.21.0"
      },
      "engines": {
        "node": ">=20.19.0"
      }
    },
    "node_modules/@theqrl/web3-qrl": {
      "version": "1.0.3",
      "resolved": "https://registry.npmjs.org/@theqrl/web3-qrl/-/web3-qrl-1.0.3.tgz",
      "integrity": "sha512-t1wG9jfrzKGIlPS7YDNiR/HzR52R5tpf/Q/+BEaO19rZFS0dD371Q2zmL43W/4qsfxiIXif9A6oD+nDqh54+oA==",
      "license": "LGPL-3.0",
      "dependencies": {
        "@theqrl/wallet.js": "6.2.3",
        "@theqrl/web3-core": "1.0.3",
        "@theqrl/web3-errors": "1.0.2",
        "@theqrl/web3-net": "1.0.3",
        "@theqrl/web3-providers-ws": "1.0.3",
        "@theqrl/web3-qrl-abi": "1.0.3",
        "@theqrl/web3-qrl-accounts": "1.0.3",
        "@theqrl/web3-rpc-methods": "1.0.3",
        "@theqrl/web3-types": "1.0.2",
        "@theqrl/web3-utils": "1.0.3",
        "@theqrl/web3-validator": "1.0.3",
        "setimmediate": "1.0.5"
      },
      "engines": {
        "node": ">=20.19.0"
      }
    },
    "node_modules/@theqrl/web3-qrl-abi": {
      "version": "1.0.3",
      "resolved": "https://registry.npmjs.org/@theqrl/web3-qrl-abi/-/web3-qrl-abi-1.0.3.tgz",
      "integrity": "sha512-thtgZLMVnfoukBfp8/n8QP/DgIZJhfR4G3w0Wm2KHVP+l2zjylkjnup0ZKxjDcDKTHPr+8q+B+50OttHAt1v2w==",
      "license": "LGPL-3.0",
      "dependencies": {
        "@ethersproject/bignumber": "5.8.0",
        "@theqrl/abi": "1.0.3",
        "@theqrl/wallet.js": "6.2.3",
        "@theqrl/web3-errors": "1.0.2",
        "@theqrl/web3-types": "1.0.2",
        "@theqrl/web3-utils": "1.0.3",
        "@theqrl/web3-validator": "1.0.3",
        "crc-32": "1.2.2"
      },
      "engines": {
        "node": ">=20.19.0"
      }
    },
    "node_modules/@theqrl/web3-qrl-abi/node_modules/@theqrl/wallet.js": {
      "version": "6.2.3",
      "resolved": "https://registry.npmjs.org/@theqrl/wallet.js/-/wallet.js-6.2.3.tgz",
      "integrity": "sha512-1wQcPKDqtLpM5sn6NKEbn4UIJwZ9BWVqG1TbrW1zBRuw8NUaiejjDZQcKwoHrnNV3TQe9dJ1jnu+PLxq9LOqyw==",
      "license": "MIT",
      "dependencies": {
        "@noble/hashes": "2.2.0",
        "@theqrl/mldsa87": "2.1.3"
      },
      "engines": {
        "node": ">=20.19"
      }
    },
    "node_modules/@theqrl/web3-qrl-accounts": {
      "version": "1.0.3",
      "resolved": "https://registry.npmjs.org/@theqrl/web3-qrl-accounts/-/web3-qrl-accounts-1.0.3.tgz",
      "integrity": "sha512-LhnI2GKczPPImsdKDv8Cx0sQAMnBK89FrA9oIe2XB+rVizlzG5TRwNZbN+QuoKhhpkWzk3bKpb2UUXM/1Zm0rA==",
      "license": "LGPL-3.0",
      "dependencies": {
        "@ethereumjs/rlp": "10.1.1",
        "@theqrl/mldsa87": "2.1.3",
        "@theqrl/qrl-cryptography": "0.3.0",
        "@theqrl/wallet.js": "6.2.3",
        "@theqrl/web3-errors": "1.0.2",
        "@theqrl/web3-types": "1.0.2",
        "@theqrl/web3-utils": "1.0.3",
        "@theqrl/web3-validator": "1.0.3",
        "crc-32": "1.2.2"
      },
      "engines": {
        "node": ">=20.19.0"
      }
    },
    "node_modules/@theqrl/web3-qrl-accounts/node_modules/@theqrl/wallet.js": {
      "version": "6.2.3",
      "resolved": "https://registry.npmjs.org/@theqrl/wallet.js/-/wallet.js-6.2.3.tgz",
      "integrity": "sha512-1wQcPKDqtLpM5sn6NKEbn4UIJwZ9BWVqG1TbrW1zBRuw8NUaiejjDZQcKwoHrnNV3TQe9dJ1jnu+PLxq9LOqyw==",
      "license": "MIT",
      "dependencies": {
        "@noble/hashes": "2.2.0",
        "@theqrl/mldsa87": "2.1.3"
      },
      "engines": {
        "node": ">=20.19"
      }
    },
    "node_modules/@theqrl/web3-qrl-contract": {
      "version": "1.0.3",
      "resolved": "https://registry.npmjs.org/@theqrl/web3-qrl-contract/-/web3-qrl-contract-1.0.3.tgz",
      "integrity": "sha512-iLH1PbWQpPuMaDKVYhc0Bmu47C+T2TFkolsuTaIhwNy98a0gMq/qUfeIZpMADVH/O+IkYxTpZ349u0KiMiqjMA==",
      "license": "LGPL-3.0",
      "dependencies": {
        "@theqrl/web3-core": "1.0.3",
        "@theqrl/web3-errors": "1.0.2",
        "@theqrl/web3-qrl": "1.0.3",
        "@theqrl/web3-qrl-abi": "1.0.3",
        "@theqrl/web3-types": "1.0.2",
        "@theqrl/web3-utils": "1.0.3",
        "@theqrl/web3-validator": "1.0.3"
      },
      "engines": {
        "node": ">=20.19.0"
      }
    },
    "node_modules/@theqrl/web3-qrl-iban": {
      "version": "1.0.3",
      "resolved": "https://registry.npmjs.org/@theqrl/web3-qrl-iban/-/web3-qrl-iban-1.0.3.tgz",
      "integrity": "sha512-WstKSRoGHnoSifHxmQQXPAmTqN94mWSdEX9VRPtNyKOMRiMAGGn+vYzvCnyKzCdGUYQLJilj2VxlU1J5F/Qdpw==",
      "license": "LGPL-3.0",
      "dependencies": {
        "@theqrl/web3-errors": "1.0.2",
        "@theqrl/web3-types": "1.0.2",
        "@theqrl/web3-utils": "1.0.3",
        "@theqrl/web3-validator": "1.0.3"
      },
      "engines": {
        "node": ">=20.19.0"
      }
    },
    "node_modules/@theqrl/web3-qrl-qrns": {
      "version": "1.0.3",
      "resolved": "https://registry.npmjs.org/@theqrl/web3-qrl-qrns/-/web3-qrl-qrns-1.0.3.tgz",
      "integrity": "sha512-ROe9CzPKxgywfqYbv7BdMvtHCUyqJyx/+BEQBkTNFw5M8GAt/mxRro5DoGP7jgngevQ7pw47RQUEKbGKscUyfQ==",
      "license": "LGPL-3.0",
      "dependencies": {
        "@adraffy/ens-normalize": "1.11.1",
        "@theqrl/web3-core": "1.0.3",
        "@theqrl/web3-errors": "1.0.2",
        "@theqrl/web3-net": "1.0.3",
        "@theqrl/web3-qrl": "1.0.3",
        "@theqrl/web3-qrl-contract": "1.0.3",
        "@theqrl/web3-types": "1.0.2",
        "@theqrl/web3-utils": "1.0.3",
        "@theqrl/web3-validator": "1.0.3"
      },
      "engines": {
        "node": ">=20.19.0"
      }
    },
    "node_modules/@theqrl/web3-qrl/node_modules/@theqrl/wallet.js": {
      "version": "6.2.3",
      "resolved": "https://registry.npmjs.org/@theqrl/wallet.js/-/wallet.js-6.2.3.tgz",
      "integrity": "sha512-1wQcPKDqtLpM5sn6NKEbn4UIJwZ9BWVqG1TbrW1zBRuw8NUaiejjDZQcKwoHrnNV3TQe9dJ1jnu+PLxq9LOqyw==",
      "license": "MIT",
      "dependencies": {
        "@noble/hashes": "2.2.0",
        "@theqrl/mldsa87": "2.1.3"
      },
      "engines": {
        "node": ">=20.19"
      }
    },
    "node_modules/@theqrl/web3-rpc-methods": {
      "version": "1.0.3",
      "resolved": "https://registry.npmjs.org/@theqrl/web3-rpc-methods/-/web3-rpc-methods-1.0.3.tgz",
      "integrity": "sha512-1vmo0Vko7oh5V52kc9tUKOxxmvFFdavoEcdEBrQyLQAMzLRNPGHHRjO9d7kMGOgJPiYzGduGYae29SKn2JIRpg==",
      "license": "LGPL-3.0",
      "dependencies": {
        "@theqrl/web3-core": "1.0.3",
        "@theqrl/web3-types": "1.0.2",
        "@theqrl/web3-validator": "1.0.3"
      },
      "engines": {
        "node": ">=20.19.0"
      }
    },
    "node_modules/@theqrl/web3-types": {
      "version": "1.0.2",
      "resolved": "https://registry.npmjs.org/@theqrl/web3-types/-/web3-types-1.0.2.tgz",
      "integrity": "sha512-Coz6+BuNPbgR34hbVwxnLEETvD3PSYCRQKQ4kolIPDczk8mDEYIwa7TyCegRcklbrH9Hc765l4BMsDZI0QsmDQ==",
      "license": "LGPL-3.0",
      "engines": {
        "node": ">=20.19.0"
      }
    },
    "node_modules/@theqrl/web3-utils": {
      "version": "1.0.3",
      "resolved": "https://registry.npmjs.org/@theqrl/web3-utils/-/web3-utils-1.0.3.tgz",
      "integrity": "sha512-ChCz/HUqUIP7XFivTIYpzZLqEow0FcIOGvZ/ayiyXLjneOdXhd2ylyqUy8eb/494FYDj7KujfPUPe3OUgt4gFQ==",
      "license": "LGPL-3.0",
      "dependencies": {
        "@theqrl/qrl-cryptography": "0.3.0",
        "@theqrl/web3-errors": "1.0.2",
        "@theqrl/web3-types": "1.0.2",
        "@theqrl/web3-validator": "1.0.3"
      },
      "engines": {
        "node": ">=20.19.0"
      }
    },
    "node_modules/@theqrl/web3-validator": {
      "version": "1.0.3",
      "resolved": "https://registry.npmjs.org/@theqrl/web3-validator/-/web3-validator-1.0.3.tgz",
      "integrity": "sha512-O5VaGMf9z/Zy4kH9nqnwVcGoVnXiIXW81YzG9RUY0S9IURtp9+bdCiPiOo8KVJHUXpgubIvEWXeLLAqO6+kvjQ==",
      "license": "LGPL-3.0",
      "dependencies": {
        "@theqrl/qrl-cryptography": "0.3.0",
        "@theqrl/web3-errors": "1.0.2",
        "@theqrl/web3-types": "1.0.2",
        "util": "0.12.5",
        "zod": "3.22.3"
      },
      "engines": {
        "node": ">=20.19.0"
      }
    },
    "node_modules/@types/node": {
      "version": "26.2.0",
      "resolved": "https://registry.npmjs.org/@types/node/-/node-26.2.0.tgz",
      "integrity": "sha512-5IviulTZeRNp2vAJ514cc/HUlY5nZ9fCbq9DMyC52BrhFZACo3nI0R7qBxhQmo/d27NFe96ur/b7Wwxklda+kg==",
      "license": "MIT",
      "dependencies": {
        "undici-types": "~8.3.0"
      }
    },
    "node_modules/@types/ws": {
      "version": "8.18.1",
      "resolved": "https://registry.npmjs.org/@types/ws/-/ws-8.18.1.tgz",
      "integrity": "sha512-ThVF6DCVhA8kUGy+aazFQ4kXQ7E1Ty7A3ypFOe0IcJV8O/M511G99AW24irKrW56Wt44yG9+ij8FaqoBGkuBXg==",
      "license": "MIT",
      "dependencies": {
        "@types/node": "*"
      }
    },
    "node_modules/available-typed-arrays": {
      "version": "1.0.7",
      "resolved": "https://registry.npmjs.org/available-typed-arrays/-/available-typed-arrays-1.0.7.tgz",
      "integrity": "sha512-wvUjBtSGN7+7SjNpq/9M2Tg350UZD3q62IFZLbRAR1bSMlCo1ZaeW+BJ+D090e4hIIZLBcTDWe4Mh4jvUDajzQ==",
      "license": "MIT",
      "dependencies": {
        "possible-typed-array-names": "^1.0.0"
      },
      "engines": {
        "node": ">= 0.4"
      },
      "funding": {
        "url": "https://github.com/sponsors/ljharb"
      }
    },
    "node_modules/bn.js": {
      "version": "5.2.5",
      "resolved": "https://registry.npmjs.org/bn.js/-/bn.js-5.2.5.tgz",
      "integrity": "sha512-Vq886eXykuP5E6HcKSSStP3bJgrE6In5WKxVUvJ8XGpWWYs2xZHWqUwzCtGgEtBcxyd57KBFDPFoUfNzdaHCNg==",
      "license": "MIT"
    },
    "node_modules/call-bind": {
      "version": "1.0.9",
      "resolved": "https://registry.npmjs.org/call-bind/-/call-bind-1.0.9.tgz",
      "integrity": "sha512-a/hy+pNsFUTR+Iz8TCJvXudKVLAnz/DyeSUo10I5yvFDQJBFU2s9uqQpoSrJlroHUKoKqzg+epxyP9lqFdzfBQ==",
      "license": "MIT",
      "dependencies": {
        "call-bind-apply-helpers": "^1.0.2",
        "es-define-property": "^1.0.1",
        "get-intrinsic": "^1.3.0",
        "set-function-length": "^1.2.2"
      },
      "engines": {
        "node": ">= 0.4"
      },
      "funding": {
        "url": "https://github.com/sponsors/ljharb"
      }
    },
    "node_modules/call-bind-apply-helpers": {
      "version": "1.0.2",
      "resolved": "https://registry.npmjs.org/call-bind-apply-helpers/-/call-bind-apply-helpers-1.0.2.tgz",
      "integrity": "sha512-Sp1ablJ0ivDkSzjcaJdxEunN5/XvksFJ2sMBFfq6x0ryhQV/2b/KwFe21cMpmHtPOSij8K99/wSfoEuTObmuMQ==",
      "license": "MIT",
      "dependencies": {
        "es-errors": "^1.3.0",
        "function-bind": "^1.1.2"
      },
      "engines": {
        "node": ">= 0.4"
      }
    },
    "node_modules/call-bound": {
      "version": "1.0.4",
      "resolved": "https://registry.npmjs.org/call-bound/-/call-bound-1.0.4.tgz",
      "integrity": "sha512-+ys997U96po4Kx/ABpBCqhA9EuxJaQWDQg7295H4hBphv3IZg0boBKuwYpt4YXp6MZ5AmZQnU/tyMTlRpaSejg==",
      "license": "MIT",
      "dependencies": {
        "call-bind-apply-helpers": "^1.0.2",
        "get-intrinsic": "^1.3.0"
      },
      "engines": {
        "node": ">= 0.4"
      },
      "funding": {
        "url": "https://github.com/sponsors/ljharb"
      }
    },
    "node_modules/crc-32": {
      "version": "1.2.2",
      "resolved": "https://registry.npmjs.org/crc-32/-/crc-32-1.2.2.tgz",
      "integrity": "sha512-ROmzCKrTnOwybPcJApAA6WBWij23HVfGVNKqqrZpuyZOHqK2CwHSvpGuyt/UNNvaIjEd8X5IFGp4Mh+Ie1IHJQ==",
      "license": "Apache-2.0",
      "bin": {
        "crc32": "bin/crc32.njs"
      },
      "engines": {
        "node": ">=0.8"
      }
    },
    "node_modules/cross-fetch": {
      "version": "4.1.0",
      "resolved": "https://registry.npmjs.org/cross-fetch/-/cross-fetch-4.1.0.tgz",
      "integrity": "sha512-uKm5PU+MHTootlWEY+mZ4vvXoCn4fLQxT9dSc1sXVMSFkINTJVN8cAQROpwcKm8bJ/c7rgZVIBWzH5T78sNZZw==",
      "license": "MIT",
      "dependencies": {
        "node-fetch": "^2.7.0"
      }
    },
    "node_modules/define-data-property": {
      "version": "1.1.4",
      "resolved": "https://registry.npmjs.org/define-data-property/-/define-data-property-1.1.4.tgz",
      "integrity": "sha512-rBMvIzlpA8v6E+SJZoo++HAYqsLrkg7MSfIinMPFhmkorw7X+dOXVJQs+QT69zGkzMyfDnIMN2Wid1+NbL3T+A==",
      "license": "MIT",
      "dependencies": {
        "es-define-property": "^1.0.0",
        "es-errors": "^1.3.0",
        "gopd": "^1.0.1"
      },
      "engines": {
        "node": ">= 0.4"
      },
      "funding": {
        "url": "https://github.com/sponsors/ljharb"
      }
    },
    "node_modules/dotenv": {
      "version": "17.4.2",
      "resolved": "https://registry.npmjs.org/dotenv/-/dotenv-17.4.2.tgz",
      "integrity": "sha512-nI4U3TottKAcAD9LLud4Cb7b2QztQMUEfHbvhTH09bqXTxnSie8WnjPALV/WMCrJZ6UV/qHJ6L03OqO3LcdYZw==",
      "license": "BSD-2-Clause",
      "engines": {
        "node": ">=12"
      },
      "funding": {
        "url": "https://dotenvx.com"
      }
    },
    "node_modules/dunder-proto": {
      "version": "1.0.1",
      "resolved": "https://registry.npmjs.org/dunder-proto/-/dunder-proto-1.0.1.tgz",
      "integrity": "sha512-KIN/nDJBQRcXw0MLVhZE9iQHmG68qAVIBg9CqmUYjmQIhgij9U5MFvrqkUL5FbtyyzZuOeOt0zdeRe4UY7ct+A==",
      "license": "MIT",
      "dependencies": {
        "call-bind-apply-helpers": "^1.0.1",
        "es-errors": "^1.3.0",
        "gopd": "^1.2.0"
      },
      "engines": {
        "node": ">= 0.4"
      }
    },
    "node_modules/es-define-property": {
      "version": "1.0.1",
      "resolved": "https://registry.npmjs.org/es-define-property/-/es-define-property-1.0.1.tgz",
      "integrity": "sha512-e3nRfgfUZ4rNGL232gUgX06QNyyez04KdjFrF+LTRoOXmrOgFKDg4BCdsjW8EnT69eqdYGmRpJwiPVYNrCaW3g==",
      "license": "MIT",
      "engines": {
        "node": ">= 0.4"
      }
    },
    "node_modules/es-errors": {
      "version": "1.3.0",
      "resolved": "https://registry.npmjs.org/es-errors/-/es-errors-1.3.0.tgz",
      "integrity": "sha512-Zf5H2Kxt2xjTvbJvP2ZWLEICxA6j+hAmMzIlypy4xcBg1vKVnx89Wy0GbS+kf5cwCVFFzdCFh2XSCFNULS6csw==",
      "license": "MIT",
      "engines": {
        "node": ">= 0.4"
      }
    },
    "node_modules/es-object-atoms": {
      "version": "1.1.2",
      "resolved": "https://registry.npmjs.org/es-object-atoms/-/es-object-atoms-1.1.2.tgz",
      "integrity": "sha512-HWcBoN6NileqtSydK2FqHbS/LoDd2pqrnQHLyJzBj4kOp/ky2MWMN694xOfkK8/SnUsW2DH7EfyVlydKCsm1Zw==",
      "license": "MIT",
      "dependencies": {
        "es-errors": "^1.3.0"
      },
      "engines": {
        "node": ">= 0.4"
      }
    },
    "node_modules/for-each": {
      "version": "0.3.5",
      "resolved": "https://registry.npmjs.org/for-each/-/for-each-0.3.5.tgz",
      "integrity": "sha512-dKx12eRCVIzqCxFGplyFKJMPvLEWgmNtUrpTiJIR5u97zEhRG8ySrtboPHZXx7daLxQVrl643cTzbab2tkQjxg==",
      "license": "MIT",
      "dependencies": {
        "is-callable": "^1.2.7"
      },
      "engines": {
        "node": ">= 0.4"
      },
      "funding": {
        "url": "https://github.com/sponsors/ljharb"
      }
    },
    "node_modules/function-bind": {
      "version": "1.1.2",
      "resolved": "https://registry.npmjs.org/function-bind/-/function-bind-1.1.2.tgz",
      "integrity": "sha512-7XHNxH7qX9xG5mIwxkhumTox/MIRNcOgDrxWsMt2pAr23WHp6MrRlN7FBSFpCpr+oVO0F744iUgR82nJMfG2SA==",
      "license": "MIT",
      "funding": {
        "url": "https://github.com/sponsors/ljharb"
      }
    },
    "node_modules/generator-function": {
      "version": "2.0.1",
      "resolved": "https://registry.npmjs.org/generator-function/-/generator-function-2.0.1.tgz",
      "integrity": "sha512-SFdFmIJi+ybC0vjlHN0ZGVGHc3lgE0DxPAT0djjVg+kjOnSqclqmj0KQ7ykTOLP6YxoqOvuAODGdcHJn+43q3g==",
      "license": "MIT",
      "engines": {
        "node": ">= 0.4"
      }
    },
    "node_modules/get-intrinsic": {
      "version": "1.3.0",
      "resolved": "https://registry.npmjs.org/get-intrinsic/-/get-intrinsic-1.3.0.tgz",
      "integrity": "sha512-9fSjSaos/fRIVIp+xSJlE6lfwhES7LNtKaCBIamHsjr2na1BiABJPo0mOjjz8GJDURarmCPGqaiVg5mfjb98CQ==",
      "license": "MIT",
      "dependencies": {
        "call-bind-apply-helpers": "^1.0.2",
        "es-define-property": "^1.0.1",
        "es-errors": "^1.3.0",
        "es-object-atoms": "^1.1.1",
        "function-bind": "^1.1.2",
        "get-proto": "^1.0.1",
        "gopd": "^1.2.0",
        "has-symbols": "^1.1.0",
        "hasown": "^2.0.2",
        "math-intrinsics": "^1.1.0"
      },
      "engines": {
        "node": ">= 0.4"
      },
      "funding": {
        "url": "https://github.com/sponsors/ljharb"
      }
    },
    "node_modules/get-proto": {
      "version": "1.0.1",
      "resolved": "https://registry.npmjs.org/get-proto/-/get-proto-1.0.1.tgz",
      "integrity": "sha512-sTSfBjoXBp89JvIKIefqw7U2CCebsc74kiY6awiGogKtoSGbgjYE/G/+l9sF3MWFPNc9IcoOC4ODfKHfxFmp0g==",
      "license": "MIT",
      "dependencies": {
        "dunder-proto": "^1.0.1",
        "es-object-atoms": "^1.0.0"
      },
      "engines": {
        "node": ">= 0.4"
      }
    },
    "node_modules/gopd": {
      "version": "1.2.0",
      "resolved": "https://registry.npmjs.org/gopd/-/gopd-1.2.0.tgz",
      "integrity": "sha512-ZUKRh6/kUFoAiTAtTYPZJ3hw9wNxx+BIBOijnlG9PnrJsCcSjs1wyyD6vJpaYtgnzDrKYRSqf3OO6Rfa93xsRg==",
      "license": "MIT",
      "engines": {
        "node": ">= 0.4"
      },
      "funding": {
        "url": "https://github.com/sponsors/ljharb"
      }
    },
    "node_modules/has-property-descriptors": {
      "version": "1.0.2",
      "resolved": "https://registry.npmjs.org/has-property-descriptors/-/has-property-descriptors-1.0.2.tgz",
      "integrity": "sha512-55JNKuIW+vq4Ke1BjOTjM2YctQIvCT7GFzHwmfZPGo5wnrgkid0YQtnAleFSqumZm4az3n2BS+erby5ipJdgrg==",
      "license": "MIT",
      "dependencies": {
        "es-define-property": "^1.0.0"
      },
      "funding": {
        "url": "https://github.com/sponsors/ljharb"
      }
    },
    "node_modules/has-symbols": {
      "version": "1.1.0",
      "resolved": "https://registry.npmjs.org/has-symbols/-/has-symbols-1.1.0.tgz",
      "integrity": "sha512-1cDNdwJ2Jaohmb3sg4OmKaMBwuC48sYni5HUw2DvsC8LjGTLK9h+eb1X6RyuOHe4hT0ULCW68iomhjUoKUqlPQ==",
      "license": "MIT",
      "engines": {
        "node": ">= 0.4"
      },
      "funding": {
        "url": "https://github.com/sponsors/ljharb"
      }
    },
    "node_modules/has-tostringtag": {
      "version": "1.0.2",
      "resolved": "https://registry.npmjs.org/has-tostringtag/-/has-tostringtag-1.0.2.tgz",
      "integrity": "sha512-NqADB8VjPFLM2V0VvHUewwwsw0ZWBaIdgo+ieHtK3hasLz4qeCRjYcqfB6AQrBggRKppKF8L52/VqdVsO47Dlw==",
      "license": "MIT",
      "dependencies": {
        "has-symbols": "^1.0.3"
      },
      "engines": {
        "node": ">= 0.4"
      },
      "funding": {
        "url": "https://github.com/sponsors/ljharb"
      }
    },
    "node_modules/hasown": {
      "version": "2.0.4",
      "resolved": "https://registry.npmjs.org/hasown/-/hasown-2.0.4.tgz",
      "integrity": "sha512-T2UbfbBEF32wiepXIsMlTW9+dDYC6wMh/t/vYA4tuOMKqWz/n3vr1NFSxQiyP+zk2mXsoMA/i/7qV6LKut1t1A==",
      "license": "MIT",
      "dependencies": {
        "function-bind": "^1.1.2"
      },
      "engines": {
        "node": ">= 0.4"
      }
    },
    "node_modules/inherits": {
      "version": "2.0.4",
      "resolved": "https://registry.npmjs.org/inherits/-/inherits-2.0.4.tgz",
      "integrity": "sha512-k/vGaX4/Yla3WzyMCvTQOXYeIHvqOKtnqBduzTHpzpQZzAskKMhZ2K+EnBiSM9zGSoIFeMpXKxa4dYeZIQqewQ==",
      "license": "ISC"
    },
    "node_modules/is-arguments": {
      "version": "1.2.0",
      "resolved": "https://registry.npmjs.org/is-arguments/-/is-arguments-1.2.0.tgz",
      "integrity": "sha512-7bVbi0huj/wrIAOzb8U1aszg9kdi3KN/CyU19CTI7tAoZYEZoL9yCDXpbXN+uPsuWnP02cyug1gleqq+TU+YCA==",
      "license": "MIT",
      "dependencies": {
        "call-bound": "^1.0.2",
        "has-tostringtag": "^1.0.2"
      },
      "engines": {
        "node": ">= 0.4"
      },
      "funding": {
        "url": "https://github.com/sponsors/ljharb"
      }
    },
    "node_modules/is-callable": {
      "version": "1.2.7",
      "resolved": "https://registry.npmjs.org/is-callable/-/is-callable-1.2.7.tgz",
      "integrity": "sha512-1BC0BVFhS/p0qtw6enp8e+8OD0UrK0oFLztSjNzhcKA3WDuJxxAPXzPuPtKkjEY9UUoEWlX/8fgKeu2S8i9JTA==",
      "license": "MIT",
      "engines": {
        "node": ">= 0.4"
      },
      "funding": {
        "url": "https://github.com/sponsors/ljharb"
      }
    },
    "node_modules/is-generator-function": {
      "version": "1.1.2",
      "resolved": "https://registry.npmjs.org/is-generator-function/-/is-generator-function-1.1.2.tgz",
      "integrity": "sha512-upqt1SkGkODW9tsGNG5mtXTXtECizwtS2kA161M+gJPc1xdb/Ax629af6YrTwcOeQHbewrPNlE5Dx7kzvXTizA==",
      "license": "MIT",
      "dependencies": {
        "call-bound": "^1.0.4",
        "generator-function": "^2.0.0",
        "get-proto": "^1.0.1",
        "has-tostringtag": "^1.0.2",
        "safe-regex-test": "^1.1.0"
      },
      "engines": {
        "node": ">= 0.4"
      },
      "funding": {
        "url": "https://github.com/sponsors/ljharb"
      }
    },
    "node_modules/is-regex": {
      "version": "1.2.1",
      "resolved": "https://registry.npmjs.org/is-regex/-/is-regex-1.2.1.tgz",
      "integrity": "sha512-MjYsKHO5O7mCsmRGxWcLWheFqN9DJ/2TmngvjKXihe6efViPqc274+Fx/4fYj/r03+ESvBdTXK0V6tA3rgez1g==",
      "license": "MIT",
      "dependencies": {
        "call-bound": "^1.0.2",
        "gopd": "^1.2.0",
        "has-tostringtag": "^1.0.2",
        "hasown": "^2.0.2"
      },
      "engines": {
        "node": ">= 0.4"
      },
      "funding": {
        "url": "https://github.com/sponsors/ljharb"
      }
    },
    "node_modules/is-typed-array": {
      "version": "1.1.15",
      "resolved": "https://registry.npmjs.org/is-typed-array/-/is-typed-array-1.1.15.tgz",
      "integrity": "sha512-p3EcsicXjit7SaskXHs1hA91QxgTw46Fv6EFKKGS5DRFLD8yKnohjF3hxoju94b/OcMZoQukzpPpBE9uLVKzgQ==",
      "license": "MIT",
      "dependencies": {
        "which-typed-array": "^1.1.16"
      },
      "engines": {
        "node": ">= 0.4"
      },
      "funding": {
        "url": "https://github.com/sponsors/ljharb"
      }
    },
    "node_modules/isomorphic-ws": {
      "version": "5.0.0",
      "resolved": "https://registry.npmjs.org/isomorphic-ws/-/isomorphic-ws-5.0.0.tgz",
      "integrity": "sha512-muId7Zzn9ywDsyXgTIafTry2sV3nySZeUDe6YedVd1Hvuuep5AsIlqK+XefWpYTyJG5e503F2xIuT2lcU6rCSw==",
      "license": "MIT",
      "peerDependencies": {
        "ws": "*"
      }
    },
    "node_modules/math-intrinsics": {
      "version": "1.1.0",
      "resolved": "https://registry.npmjs.org/math-intrinsics/-/math-intrinsics-1.1.0.tgz",
      "integrity": "sha512-/IXtbwEk5HTPyEwyKX6hGkYXxM9nbj64B+ilVJnC/R6B0pH5G4V3b0pVbL7DBj4tkhBAppbQUlf6F6Xl9LHu1g==",
      "license": "MIT",
      "engines": {
        "node": ">= 0.4"
      }
    },
    "node_modules/node-fetch": {
      "version": "2.7.0",
      "resolved": "https://registry.npmjs.org/node-fetch/-/node-fetch-2.7.0.tgz",
      "integrity": "sha512-c4FRfUm/dbcWZ7U+1Wq0AwCyFL+3nt2bEw05wfxSz+DWpWsitgmSgYmy2dQdWyKC1694ELPqMs/YzUSNozLt8A==",
      "license": "MIT",
      "dependencies": {
        "whatwg-url": "^5.0.0"
      },
      "engines": {
        "node": "4.x || >=6.0.0"
      },
      "peerDependencies": {
        "encoding": "^0.1.0"
      },
      "peerDependenciesMeta": {
        "encoding": {
          "optional": true
        }
      }
    },
    "node_modules/possible-typed-array-names": {
      "version": "1.1.0",
      "resolved": "https://registry.npmjs.org/possible-typed-array-names/-/possible-typed-array-names-1.1.0.tgz",
      "integrity": "sha512-/+5VFTchJDoVj3bhoqi6UeymcD00DAwb1nJwamzPvHEszJ4FpF6SNNbUbOS8yI56qHzdV8eK0qEfOSiodkTdxg==",
      "license": "MIT",
      "engines": {
        "node": ">= 0.4"
      }
    },
    "node_modules/safe-regex-test": {
      "version": "1.1.0",
      "resolved": "https://registry.npmjs.org/safe-regex-test/-/safe-regex-test-1.1.0.tgz",
      "integrity": "sha512-x/+Cz4YrimQxQccJf5mKEbIa1NzeCRNI5Ecl/ekmlYaampdNLPalVyIcCZNNH3MvmqBugV5TMYZXv0ljslUlaw==",
      "license": "MIT",
      "dependencies": {
        "call-bound": "^1.0.2",
        "es-errors": "^1.3.0",
        "is-regex": "^1.2.1"
      },
      "engines": {
        "node": ">= 0.4"
      },
      "funding": {
        "url": "https://github.com/sponsors/ljharb"
      }
    },
    "node_modules/set-function-length": {
      "version": "1.2.2",
      "resolved": "https://registry.npmjs.org/set-function-length/-/set-function-length-1.2.2.tgz",
      "integrity": "sha512-pgRc4hJ4/sNjWCSS9AmnS40x3bNMDTknHgL5UaMBTMyJnU90EgWh1Rz+MC9eFu4BuN/UwZjKQuY/1v3rM7HMfg==",
      "license": "MIT",
      "dependencies": {
        "define-data-property": "^1.1.4",
        "es-errors": "^1.3.0",
        "function-bind": "^1.1.2",
        "get-intrinsic": "^1.2.4",
        "gopd": "^1.0.1",
        "has-property-descriptors": "^1.0.2"
      },
      "engines": {
        "node": ">= 0.4"
      }
    },
    "node_modules/setimmediate": {
      "version": "1.0.5",
      "resolved": "https://registry.npmjs.org/setimmediate/-/setimmediate-1.0.5.tgz",
      "integrity": "sha512-MATJdZp8sLqDl/68LfQmbP8zKPLQNV6BIZoIgrscFDQ+RsvK/BxeDQOgyxKKoh0y/8h3BqVFnCqQ/gd+reiIXA==",
      "license": "MIT"
    },
    "node_modules/tr46": {
      "version": "0.0.3",
      "resolved": "https://registry.npmjs.org/tr46/-/tr46-0.0.3.tgz",
      "integrity": "sha512-N3WMsuqV66lT30CrXNbEjx4GEwlow3v6rr4mCcv6prnfwhS01rkgyFdjPNBYd9br7LpXV1+Emh01fHnq2Gdgrw==",
      "license": "MIT"
    },
    "node_modules/undici-types": {
      "version": "8.3.0",
      "resolved": "https://registry.npmjs.org/undici-types/-/undici-types-8.3.0.tgz",
      "integrity": "sha512-j375ScV60dom+YkPFIfTLcOiPxkN/buHz5GobjLhixFuANaNs3C9l4GmrWqejgXWJ7BbJcFYpTEUkS1Ge8bpZQ==",
      "license": "MIT"
    },
    "node_modules/util": {
      "version": "0.12.5",
      "resolved": "https://registry.npmjs.org/util/-/util-0.12.5.tgz",
      "integrity": "sha512-kZf/K6hEIrWHI6XqOFUiiMa+79wE/D8Q+NCNAWclkyg3b4d2k7s0QGepNjiABc+aR3N1PAyHL7p6UcLY6LmrnA==",
      "license": "MIT",
      "dependencies": {
        "inherits": "^2.0.3",
        "is-arguments": "^1.0.4",
        "is-generator-function": "^1.0.7",
        "is-typed-array": "^1.1.3",
        "which-typed-array": "^1.1.2"
      }
    },
    "node_modules/webidl-conversions": {
      "version": "3.0.1",
      "resolved": "https://registry.npmjs.org/webidl-conversions/-/webidl-conversions-3.0.1.tgz",
      "integrity": "sha512-2JAn3z8AR6rjK8Sm8orRC0h/bcl/DqL7tRPdGZ4I1CjdF+EaMLmYxBHyXuKL849eucPFhvBoxMsflfOb8kxaeQ==",
      "license": "BSD-2-Clause"
    },
    "node_modules/whatwg-url": {
      "version": "5.0.0",
      "resolved": "https://registry.npmjs.org/whatwg-url/-/whatwg-url-5.0.0.tgz",
      "integrity": "sha512-saE57nupxk6v3HY35+jzBwYa0rKSy0XR8JSxZPwgLr7ys0IBzhGviA1/TUGJLmSVqs8pb9AnvICXEuOHLprYTw==",
      "license": "MIT",
      "dependencies": {
        "tr46": "~0.0.3",
        "webidl-conversions": "^3.0.0"
      }
    },
    "node_modules/which-typed-array": {
      "version": "1.1.22",
      "resolved": "https://registry.npmjs.org/which-typed-array/-/which-typed-array-1.1.22.tgz",
      "integrity": "sha512-fvO4ExWMFsqyhG3AiPAObMuY1lxaqgYcxbc49CNdWDDECOJNgQyvsOWVwbZc+qf3rzRtxojBK+CMEv0Ld5CYpw==",
      "license": "MIT",
      "dependencies": {
        "available-typed-arrays": "^1.0.7",
        "call-bind": "^1.0.9",
        "call-bound": "^1.0.4",
        "for-each": "^0.3.5",
        "get-proto": "^1.0.1",
        "gopd": "^1.2.0",
        "has-tostringtag": "^1.0.2"
      },
      "engines": {
        "node": ">= 0.4"
      },
      "funding": {
        "url": "https://github.com/sponsors/ljharb"
      }
    },
    "node_modules/ws": {
      "version": "8.21.0",
      "resolved": "https://registry.npmjs.org/ws/-/ws-8.21.0.tgz",
      "integrity": "sha512-Vsp28b7DRcimFQvrqu2Wek3z1iYxDCWqHYB8Qsnk/S4RfaCQzPGPyBNuVjJV3cd6UiKtUtp6sNM77gWvzcCH+g==",
      "license": "MIT",
      "engines": {
        "node": ">=10.0.0"
      },
      "peerDependencies": {
        "bufferutil": "^4.0.1",
        "utf-8-validate": ">=5.0.2"
      },
      "peerDependenciesMeta": {
        "bufferutil": {
          "optional": true
        },
        "utf-8-validate": {
          "optional": true
        }
      }
    },
    "node_modules/zod": {
      "version": "3.22.3",
      "resolved": "https://registry.npmjs.org/zod/-/zod-3.22.3.tgz",
      "integrity": "sha512-EjIevzuJRiRPbVH4mGc8nApb/lVLKVpmUhAaR5R5doKGfAnGJ6Gr3CViAVjP+4FWSxCsybeWQdcgCtbX+7oZug==",
      "license": "MIT",
      "funding": {
        "url": "https://github.com/sponsors/colinhacks"
      }
    }
  }
}
